# This file was autogenerated by Stack.
# You should not edit this file by hand.
# For more information, please see the documentation at:
#   https://docs.haskellstack.org/en/stable/lock_files

packages:
- completed:
    name: constrained-dynamic
    pantry-tree:
      sha256: 93e4777d88e75cb1b3efef47654880304ce6fd2af12e31b0c7bd279f95abb449
      size: 576
    sha256: 20952857c40fcb730584000d2a98e6a89f9f457b86e5e035ae055b40919c8f49
    size: 7186
    url: https://hackage.haskell.org/package/constrained-dynamic-0.1.0.0/constrained-dynamic-0.1.0.0.tar.gz
    version: 0.1.0.0
  original:
    url: https://hackage.haskell.org/package/constrained-dynamic-0.1.0.0/constrained-dynamic-0.1.0.0.tar.gz
snapshots:
- completed:
    sha256: 2fc12a405ab6f7eac73eb11a0ca5ccca0e956bd2848db780c140b7406ff9ebb5
    size: 640035
    url: https://raw.githubusercontent.com/commercialhaskell/stackage-snapshots/master/lts/21/9.yaml
  original:
    url: https://raw.githubusercontent.com/commercialhaskell/stackage-snapshots/master/lts/21/9.yaml
