# This file was autogenerated by Stack.
# You should not edit this file by hand.
# For more information, please see the documentation at:
#   https://docs.haskellstack.org/en/stable/lock_files

packages:
- completed:
    name: maf2-analysis
    pantry-tree:
      sha256: 122b66898a5f8594a97fda00742054c53ddaf52a86d6a8e60436a7f4635a6236
      size: 28358
    sha256: 4d11e3e282fe0ea22d0aa5b1605222a793b29fe6e7de76acf3e2da8bf7438f47
    size: 4372445
    subdir: maf2-analysis
    url: https://github.com/softwarelanguageslab/maf-hs/archive/cd936e0558953eaa468c65a373049dd5e0ae245a.tar.gz
    version: 0.1.0.0
  original:
    subdir: maf2-analysis
    url: https://github.com/softwarelanguageslab/maf-hs/archive/cd936e0558953eaa468c65a373049dd5e0ae245a.tar.gz
- completed:
    name: maf2-syntax
    pantry-tree:
      sha256: ecdec89bce3fc23a2076c85fac1a2bd91e07fe0c91ca14ced8ee8ba924c0bc6b
      size: 1627
    sha256: 4d11e3e282fe0ea22d0aa5b1605222a793b29fe6e7de76acf3e2da8bf7438f47
    size: 4372445
    subdir: maf2-syntax
    url: https://github.com/softwarelanguageslab/maf-hs/archive/cd936e0558953eaa468c65a373049dd5e0ae245a.tar.gz
    version: 0.1.0.0
  original:
    subdir: maf2-syntax
    url: https://github.com/softwarelanguageslab/maf-hs/archive/cd936e0558953eaa468c65a373049dd5e0ae245a.tar.gz
- completed:
    name: maf2-domains
    pantry-tree:
      sha256: 829c62c13657b5313f4f9066588a2dc9df3f22b8f081825092e7a51e65817f87
      size: 6751
    sha256: 4d11e3e282fe0ea22d0aa5b1605222a793b29fe6e7de76acf3e2da8bf7438f47
    size: 4372445
    subdir: maf2-domains
    url: https://github.com/softwarelanguageslab/maf-hs/archive/cd936e0558953eaa468c65a373049dd5e0ae245a.tar.gz
    version: 0.1.0.0
  original:
    subdir: maf2-domains
    url: https://github.com/softwarelanguageslab/maf-hs/archive/cd936e0558953eaa468c65a373049dd5e0ae245a.tar.gz
- completed:
    name: layers-mtl
    pantry-tree:
      sha256: 1eda5b5dcc67842870212183f71a510c3337e49693c2ee6c47c56ccd6f80c846
      size: 1489
    sha256: 562b162b05d9d9e7ced188132791204e2bc465f5db114f5c02c9089e8c0214f4
    size: 45136
    url: https://github.com/bramvdbogaerde/layers-mtl/archive/5201fd1814053630f762c382a79e49b7bf14df8f.tar.gz
    version: 1.0.0
  original:
    url: https://github.com/bramvdbogaerde/layers-mtl/archive/5201fd1814053630f762c382a79e49b7bf14df8f.tar.gz
snapshots:
- completed:
    sha256: a81fb3877c4f9031e1325eb3935122e608d80715dc16b586eb11ddbff8671ecd
    size: 640086
    url: https://raw.githubusercontent.com/commercialhaskell/stackage-snapshots/master/lts/21/25.yaml
  original:
    url: https://raw.githubusercontent.com/commercialhaskell/stackage-snapshots/master/lts/21/25.yaml
